// !$*UTF8*$!
{
	archiveVersion = 1;
	classes = {
	};
	objectVersion = 46;
	objects = {

/* Begin PBXBuildFile section */
		F9002CC31E66958600BABEFB /* main.m in Sources */ = {isa = PBXBuildFile; fileRef = F9002CC21E66958600BABEFB /* main.m */; };
		F9002CC61E66958600BABEFB /* AppDelegate.m in Sources */ = {isa = PBXBuildFile; fileRef = F9002CC51E66958600BABEFB /* AppDelegate.m */; };
		F9002CC91E66958600BABEFB /* ViewController.m in Sources */ = {isa = PBXBuildFile; fileRef = F9002CC81E66958600BABEFB /* ViewController.m */; };
		F9002CCC1E66958600BABEFB /* Main.storyboard in Resources */ = {isa = PBXBuildFile; fileRef = F9002CCA1E66958600BABEFB /* Main.storyboard */; };
		F9002CCE1E66958600BABEFB /* Assets.xcassets in Resources */ = {isa = PBXBuildFile; fileRef = F9002CCD1E66958600BABEFB /* Assets.xcassets */; };
		F9002CD11E66958600BABEFB /* LaunchScreen.storyboard in Resources */ = {isa = PBXBuildFile; fileRef = F9002CCF1E66958600BABEFB /* LaunchScreen.storyboard */; };
		F9002CED1E66CFB900BABEFB /* NSObject+RuntimeUtils.m in Sources */ = {isa = PBXBuildFile; fileRef = F9002CEC1E66CFB900BABEFB /* NSObject+RuntimeUtils.m */; };
		F9002CF01E66E48900BABEFB /* LFRuntimeKit.m in Sources */ = {isa = PBXBuildFile; fileRef = F9002CEF1E66E48900BABEFB /* LFRuntimeKit.m */; };
		F93F33C51E66F0840094DD7E /* TestClass.m in Sources */ = {isa = PBXBuildFile; fileRef = F93F33C41E66F0840094DD7E /* TestClass.m */; };
/* End PBXBuildFile section */

/* Begin PBXFileReference section */
		F9002CBE1E66958600BABEFB /* RunTimeExDemo.app */ = {isa = PBXFileReference; explicitFileType = wrapper.application; includeInIndex = 0; path = RunTimeExDemo.app; sourceTree = BUILT_PRODUCTS_DIR; };
		F9002CC21E66958600BABEFB /* main.m */ = {isa = PBXFileReference; lastKnownFileType = sourcecode.c.objc; path = main.m; sourceTree = "<group>"; };
		F9002CC41E66958600BABEFB /* AppDelegate.h */ = {isa = PBXFileReference; lastKnownFileType = sourcecode.c.h; path = AppDelegate.h; sourceTree = "<group>"; };
		F9002CC51E66958600BABEFB /* AppDelegate.m */ = {isa = PBXFileReference; lastKnownFileType = sourcecode.c.objc; path = AppDelegate.m; sourceTree = "<group>"; };
		F9002CC71E66958600BABEFB /* ViewController.h */ = {isa = PBXFileReference; lastKnownFileType = sourcecode.c.h; path = ViewController.h; sourceTree = "<group>"; };
		F9002CC81E66958600BABEFB /* ViewController.m */ = {isa = PBXFileReference; lastKnownFileType = sourcecode.c.objc; path = ViewController.m; sourceTree = "<group>"; };
		F9002CCB1E66958600BABEFB /* Base */ = {isa = PBXFileReference; lastKnownFileType = file.storyboard; name = Base; path = Base.lproj/Main.storyboard; sourceTree = "<group>"; };
		F9002CCD1E66958600BABEFB /* Assets.xcassets */ = {isa = PBXFileReference; lastKnownFileType = folder.assetcatalog; path = Assets.xcassets; sourceTree = "<group>"; };
		F9002CD01E66958600BABEFB /* Base */ = {isa = PBXFileReference; lastKnownFileType = file.storyboard; name = Base; path = Base.lproj/LaunchScreen.storyboard; sourceTree = "<group>"; };
		F9002CD21E66958600BABEFB /* Info.plist */ = {isa = PBXFileReference; lastKnownFileType = text.plist.xml; path = Info.plist; sourceTree = "<group>"; };
		F9002CEB1E66CFB900BABEFB /* NSObject+RuntimeUtils.h */ = {isa = PBXFileReference; fileEncoding = 4; lastKnownFileType = sourcecode.c.h; path = "NSObject+RuntimeUtils.h"; sourceTree = "<group>"; };
		F9002CEC1E66CFB900BABEFB /* NSObject+RuntimeUtils.m */ = {isa = PBXFileReference; fileEncoding = 4; lastKnownFileType = sourcecode.c.objc; path = "NSObject+RuntimeUtils.m"; sourceTree = "<group>"; };
		F9002CEE1E66E48900BABEFB /* LFRuntimeKit.h */ = {isa = PBXFileReference; fileEncoding = 4; lastKnownFileType = sourcecode.c.h; path = LFRuntimeKit.h; sourceTree = "<group>"; };
		F9002CEF1E66E48900BABEFB /* LFRuntimeKit.m */ = {isa = PBXFileReference; fileEncoding = 4; lastKnownFileType = sourcecode.c.objc; path = LFRuntimeKit.m; sourceTree = "<group>"; };
		F93F33C31E66F0840094DD7E /* TestClass.h */ = {isa = PBXFileReference; fileEncoding = 4; lastKnownFileType = sourcecode.c.h; path = TestClass.h; sourceTree = "<group>"; };
		F93F33C41E66F0840094DD7E /* TestClass.m */ = {isa = PBXFileReference; fileEncoding = 4; lastKnownFileType = sourcecode.c.objc; path = TestClass.m; sourceTree = "<group>"; };
/* End PBXFileReference section */

/* Begin PBXFrameworksBuildPhase section */
		F9002CBB1E66958600BABEFB /* Frameworks */ = {
			isa = PBXFrameworksBuildPhase;
			buildActionMask = 2147483647;
			files = (
			);
			runOnlyForDeploymentPostprocessing = 0;
		};
/* End PBXFrameworksBuildPhase section */

/* Begin PBXGroup section */
		F9002CB51E66958600BABEFB = {
			isa = PBXGroup;
			children = (
				F9002CC01E66958600BABEFB /* RunTimeExDemo */,
				F9002CBF1E66958600BABEFB /* Products */,
			);
			sourceTree = "<group>";
		};
		F9002CBF1E66958600BABEFB /* Products */ = {
			isa = PBXGroup;
			children = (
				F9002CBE1E66958600BABEFB /* RunTimeExDemo.app */,
			);
			name = Products;
			sourceTree = "<group>";
		};
		F9002CC01E66958600BABEFB /* RunTimeExDemo */ = {
			isa = PBXGroup;
			children = (
				F9002CEA1E66CFB900BABEFB /* runtimeUtils */,
				F9002CC41E66958600BABEFB /* AppDelegate.h */,
				F9002CC51E66958600BABEFB /* AppDelegate.m */,
				F9002CC71E66958600BABEFB /* ViewController.h */,
				F9002CC81E66958600BABEFB /* ViewController.m */,
				F93F33C31E66F0840094DD7E /* TestClass.h */,
				F93F33C41E66F0840094DD7E /* TestClass.m */,
				F9002CCA1E66958600BABEFB /* Main.storyboard */,
				F9002CCD1E66958600BABEFB /* Assets.xcassets */,
				F9002CCF1E66958600BABEFB /* LaunchScreen.storyboard */,
				F9002CD21E66958600BABEFB /* Info.plist */,
				F9002CC11E66958600BABEFB /* Supporting Files */,
			);
			path = RunTimeExDemo;
			sourceTree = "<group>";
		};
		F9002CC11E66958600BABEFB /* Supporting Files */ = {
			isa = PBXGroup;
			children = (
				F9002CC21E66958600BABEFB /* main.m */,
			);
			name = "Supporting Files";
			sourceTree = "<group>";
		};
		F9002CEA1E66CFB900BABEFB /* runtimeUtils */ = {
			isa = PBXGroup;
			children = (
				F9002CEB1E66CFB900BABEFB /* NSObject+RuntimeUtils.h */,
				F9002CEC1E66CFB900BABEFB /* NSObject+RuntimeUtils.m */,
				F9002CEE1E66E48900BABEFB /* LFRuntimeKit.h */,
				F9002CEF1E66E48900BABEFB /* LFRuntimeKit.m */,
			);
			path = runtimeUtils;
			sourceTree = "<group>";
		};
/* End PBXGroup section */

/* Begin PBXNativeTarget section */
		F9002CBD1E66958600BABEFB /* RunTimeExDemo */ = {
			isa = PBXNativeTarget;
			buildConfigurationList = F9002CD51E66958600BABEFB /* Build configuration list for PBXNativeTarget "RunTimeExDemo" */;
			buildPhases = (
				F9002CBA1E66958600BABEFB /* Sources */,
				F9002CBB1E66958600BABEFB /* Frameworks */,
				F9002CBC1E66958600BABEFB /* Resources */,
			);
			buildRules = (
			);
			dependencies = (
			);
			name = RunTimeExDemo;
			productName = RunTimeExDemo;
			productReference = F9002CBE1E66958600BABEFB /* RunTimeExDemo.app */;
			productType = "com.apple.product-type.application";
		};
/* End PBXNativeTarget section */

/* Begin PBXProject section */
		F9002CB61E66958600BABEFB /* Project object */ = {
			isa = PBXProject;
			attributes = {
				LastUpgradeCheck = 0820;
				ORGANIZATIONNAME = UFotoSoft;
				TargetAttributes = {
					F9002CBD1E66958600BABEFB = {
						CreatedOnToolsVersion = 8.2.1;
						DevelopmentTeam = 8Y2577YSMW;
						ProvisioningStyle = Automatic;
					};
				};
			};
			buildConfigurationList = F9002CB91E66958600BABEFB /* Build configuration list for PBXProject "RunTimeExDemo" */;
			compatibilityVersion = "Xcode 3.2";
			developmentRegion = English;
			hasScannedForEncodings = 0;
			knownRegions = (
				en,
				Base,
			);
			mainGroup = F9002CB51E66958600BABEFB;
			productRefGroup = F9002CBF1E66958600BABEFB /* Products */;
			projectDirPath = "";
			projectRoot = "";
			targets = (
				F9002CBD1E66958600BABEFB /* RunTimeExDemo */,
			);
		};
/* End PBXProject section */

/* Begin PBXResourcesBuildPhase section */
		F9002CBC1E66958600BABEFB /* Resources */ = {
			isa = PBXResourcesBuildPhase;
			buildActionMask = 2147483647;
			files = (
				F9002CD11E66958600BABEFB /* LaunchScreen.storyboard in Resources */,
				F9002CCE1E66958600BABEFB /* Assets.xcassets in Resources */,
				F9002CCC1E66958600BABEFB /* Main.storyboard in Resources */,
			);
			runOnlyForDeploymentPostprocessing = 0;
		};
/* End PBXResourcesBuildPhase section */

/* Begin PBXSourcesBuildPhase section */
		F9002CBA1E66958600BABEFB /* Sources */ = {
			isa = PBXSourcesBuildPhase;
			buildActionMask = 2147483647;
			files = (
				F93F33C51E66F0840094DD7E /* TestClass.m in Sources */,
				F9002CC91E66958600BABEFB /* ViewController.m in Sources */,
				F9002CC61E66958600BABEFB /* AppDelegate.m in Sources */,
				F9002CED1E66CFB900BABEFB /* NSObject+RuntimeUtils.m in Sources */,
				F9002CF01E66E48900BABEFB /* LFRuntimeKit.m in Sources */,
				F9002CC31E66958600BABEFB /* main.m in Sources */,
			);
			runOnlyForDeploymentPostprocessing = 0;
		};
/* End PBXSourcesBuildPhase section */

/* Begin PBXVariantGroup section */
		F9002CCA1E66958600BABEFB /* Main.storyboard */ = {
			isa = PBXVariantGroup;
			children = (
				F9002CCB1E66958600BABEFB /* Base */,
			);
			name = Main.storyboard;
			sourceTree = "<group>";
		};
		F9002CCF1E66958600BABEFB /* LaunchScreen.storyboard */ = {
			isa = PBXVariantGroup;
			children = (
				F9002CD01E66958600BABEFB /* Base */,
			);
			name = LaunchScreen.storyboard;
			sourceTree = "<group>";
		};
/* End PBXVariantGroup section */

/* Begin XCBuildConfiguration section */
		F9002CD31E66958600BABEFB /* Debug */ = {
			isa = XCBuildConfiguration;
			buildSettings = {
				ALWAYS_SEARCH_USER_PATHS = NO;
				CLANG_ANALYZER_NONNULL = YES;
				CLANG_CXX_LANGUAGE_STANDARD = "gnu++0x";
				CLANG_CXX_LIBRARY = "libc++";
				CLANG_ENABLE_MODULES = YES;
				CLANG_ENABLE_OBJC_ARC = YES;
				CLANG_WARN_BOOL_CONVERSION = YES;
				CLANG_WARN_CONSTANT_CONVERSION = YES;
				CLANG_WARN_DIRECT_OBJC_ISA_USAGE = YES_ERROR;
				CLANG_WARN_DOCUMENTATION_COMMENTS = YES;
				CLANG_WARN_EMPTY_BODY = YES;
				CLANG_WARN_ENUM_CONVERSION = YES;
				CLANG_WARN_INFINITE_RECURSION = YES;
				CLANG_WARN_INT_CONVERSION = YES;
				CLANG_WARN_OBJC_ROOT_CLASS = YES_ERROR;
				CLANG_WARN_SUSPICIOUS_MOVE = YES;
				CLANG_WARN_UNREACHABLE_CODE = YES;
				CLANG_WARN__DUPLICATE_METHOD_MATCH = YES;
				"CODE_SIGN_IDENTITY[sdk=iphoneos*]" = "iPhone Developer";
				COPY_PHASE_STRIP = NO;
				DEBUG_INFORMATION_FORMAT = dwarf;
				ENABLE_STRICT_OBJC_MSGSEND = YES;
				ENABLE_TESTABILITY = YES;
				GCC_C_LANGUAGE_STANDARD = gnu99;
				GCC_DYNAMIC_NO_PIC = NO;
				GCC_NO_COMMON_BLOCKS = YES;
				GCC_OPTIMIZATION_LEVEL = 0;
				GCC_PREPROCESSOR_DEFINITIONS = (
					"DEBUG=1",
					"$(inherited)",
				);
				GCC_WARN_64_TO_32_BIT_CONVERSION = YES;
				GCC_WARN_ABOUT_RETURN_TYPE = YES_ERROR;
				GCC_WARN_UNDECLARED_SELECTOR = YES;
				GCC_WARN_UNINITIALIZED_AUTOS = YES_AGGRESSIVE;
				GCC_WARN_UNUSED_FUNCTION = YES;
				GCC_WARN_UNUSED_VARIABLE = YES;
				IPHONEOS_DEPLOYMENT_TARGET = 10.2;
				MTL_ENABLE_DEBUG_INFO = YES;
				ONLY_ACTIVE_ARCH = YES;
				SDKROOT = iphoneos;
				TARGETED_DEVICE_FAMILY = "1,2";
			};
			name = Debug;
		};
		F9002CD41E66958600BABEFB /* Release */ = {
			isa = XCBuildConfiguration;
			buildSettings = {
				ALWAYS_SEARCH_USER_PATHS = NO;
				CLANG_ANALYZER_NONNULL = YES;
				CLANG_CXX_LANGUAGE_STANDARD = "gnu++0x";
				CLANG_CXX_LIBRARY = "libc++";
				CLANG_ENABLE_MODULES = YES;
				CLANG_ENABLE_OBJC_ARC = YES;
				CLANG_WARN_BOOL_CONVERSION = YES;
				CLANG_WARN_CONSTANT_CONVERSION = YES;
				CLANG_WARN_DIRECT_OBJC_ISA_USAGE = YES_ERROR;
				CLANG_WARN_DOCUMENTATION_COMMENTS = YES;
				CLANG_WARN_EMPTY_BODY = YES;
				CLANG_WARN_ENUM_CONVERSION = YES;
				CLANG_WARN_INFINITE_RECURSION = YES;
				CLANG_WARN_INT_CONVERSION = YES;
				CLANG_WARN_OBJC_ROOT_CLASS = YES_ERROR;
				CLANG_WARN_SUSPICIOUS_MOVE = YES;
				CLANG_WARN_UNREACHABLE_CODE = YES;
				CLANG_WARN__DUPLICATE_METHOD_MATCH = YES;
				"CODE_SIGN_IDENTITY[sdk=iphoneos*]" = "iPhone Developer";
				COPY_PHASE_STRIP = NO;
				DEBUG_INFORMATION_FORMAT = "dwarf-with-dsym";
				ENABLE_NS_ASSERTIONS = NO;
				ENABLE_STRICT_OBJC_MSGSEND = YES;
				GCC_C_LANGUAGE_STANDARD = gnu99;
				GCC_NO_COMMON_BLOCKS = YES;
				GCC_WARN_64_TO_32_BIT_CONVERSION = YES;
				GCC_WARN_ABOUT_RETURN_TYPE = YES_ERROR;
				GCC_WARN_UNDECLARED_SELECTOR = YES;
				GCC_WARN_UNINITIALIZED_AUTOS = YES_AGGRESSIVE;
				GCC_WARN_UNUSED_FUNCTION = YES;
				GCC_WARN_UNUSED_VARIABLE = YES;
				IPHONEOS_DEPLOYMENT_TARGET = 10.2;
				MTL_ENABLE_DEBUG_INFO = NO;
				SDKROOT = iphoneos;
				TARGETED_DEVICE_FAMILY = "1,2";
				VALIDATE_PRODUCT = YES;
			};
			name = Release;
		};
		F9002CD61E66958600BABEFB /* Debug */ = {
			isa = XCBuildConfiguration;
			buildSettings = {
				ASSETCATALOG_COMPILER_APPICON_NAME = AppIcon;
				DEVELOPMENT_TEAM = 8Y2577YSMW;
				INFOPLIST_FILE = RunTimeExDemo/Info.plist;
				LD_RUNPATH_SEARCH_PATHS = "$(inherited) @executable_path/Frameworks";
				PRODUCT_BUNDLE_IDENTIFIER = UFotoSoft.RunTimeExDemo;
				PRODUCT_NAME = "$(TARGET_NAME)";
			};
			name = Debug;
		};
		F9002CD71E66958600BABEFB /* Release */ = {
			isa = XCBuildConfiguration;
			buildSettings = {
				ASSETCATALOG_COMPILER_APPICON_NAME = AppIcon;
				DEVELOPMENT_TEAM = 8Y2577YSMW;
				INFOPLIST_FILE = RunTimeExDemo/Info.plist;
				LD_RUNPATH_SEARCH_PATHS = "$(inherited) @executable_path/Frameworks";
				PRODUCT_BUNDLE_IDENTIFIER = UFotoSoft.RunTimeExDemo;
				PRODUCT_NAME = "$(TARGET_NAME)";
			};
			name = Release;
		};
/* End XCBuildConfiguration section */

/* Begin XCConfigurationList section */
		F9002CB91E66958600BABEFB /* Build configuration list for PBXProject "RunTimeExDemo" */ = {
			isa = XCConfigurationList;
			buildConfigurations = (
				F9002CD31E66958600BABEFB /* Debug */,
				F9002CD41E66958600BABEFB /* Release */,
			);
			defaultConfigurationIsVisible = 0;
			defaultConfigurationName = Release;
		};
		F9002CD51E66958600BABEFB /* Build configuration list for PBXNativeTarget "RunTimeExDemo" */ = {
			isa = XCConfigurationList;
			buildConfigurations = (
				F9002CD61E66958600BABEFB /* Debug */,
				F9002CD71E66958600BABEFB /* Release */,
			);
			defaultConfigurationIsVisible = 0;
			defaultConfigurationName = Release;
		};
/* End XCConfigurationList section */
	};
	rootObject = F9002CB61E66958600BABEFB /* Project object */;
}
